
Microsoft Visual Studio Solution File, Format Version 12.00
# Visual Studio Version 17
VisualStudioVersion = 17.6.33712.159
MinimumVisualStudioVersion = 10.0.40219.1
Project("{FAE04EC0-301F-11D3-BF4B-00C04F79EFBC}") = "Q06", "Q06\Q06.csproj", "{4511AA7C-FB72-43B5-9D37-DFCB2F742F7E}"
EndProject
Global
	GlobalSection(SolutionConfigurationPlatforms) = preSolution
		Debug|Any CPU = Debug|Any CPU
		Release|Any CPU = Release|Any CPU
	EndGlobalSection
	GlobalSection(ProjectConfigurationPlatforms) = postSolution
		{4511AA7C-FB72-43B5-9D37-DFCB2F742F7E}.Debug|Any CPU.ActiveCfg = Debug|Any CPU
		{4511AA7C-FB72-43B5-9D37-DFCB2F742F7E}.Debug|Any CPU.Build.0 = Debug|Any CPU
		{4511AA7C-FB72-43B5-9D37-DFCB2F742F7E}.Release|Any CPU.ActiveCfg = Release|Any CPU
		{4511AA7C-FB72-43B5-9D37-DFCB2F742F7E}.Release|Any CPU.Build.0 = Release|Any CPU
	EndGlobalSection
	GlobalSection(SolutionProperties) = preSolution
		HideSolutionNode = FALSE
	EndGlobalSection
	GlobalSection(ExtensibilityGlobals) = postSolution
		SolutionGuid = {8B07D42D-ED04-4CEE-9B1E-D19481FDD2C9}
	EndGlobalSection
EndGlobal
